{
  "originHash" : "7491681dad4d27fcf662e992fcb24351b569c2115bb9454c10bd398445f8b37a",
  "pins" : [
    {
      "identity" : "alamofire",
      "kind" : "remoteSourceControl",
      "location" : "https://github.com/Alamofire/Alamofire.git",
      "state" : {
        "revision" : "ea6a94b7dddffd0ca4d0f29252d95310b84dec84",
        "version" : "5.10.0"
      }
    }
  ],
  "version" : 3
}
